
Microsoft Visual Studio Solution File, Format Version 12.00
# Visual Studio Version 16
VisualStudioVersion = 16.0.30907.101
MinimumVisualStudioVersion = 10.0.40219.1
Project("{9A19103F-16F7-4668-BE54-9A1E7A4F7556}") = "Library", "Library\Library.csproj", "{F5D12D7A-62ED-4772-9DBF-96B7F379BC29}"
EndProject
Project("{FAE04EC0-301F-11D3-BF4B-00C04F79EFBC}") = "App", "App\App.csproj", "{6F793A82-7682-42EB-8F7E-DB29B0639E7A}"
EndProject
Global
	GlobalSection(SolutionConfigurationPlatforms) = preSolution
		Debug|Any CPU = Debug|Any CPU
		Release|Any CPU = Release|Any CPU
	EndGlobalSection
	GlobalSection(ProjectConfigurationPlatforms) = postSolution
		{F5D12D7A-62ED-4772-9DBF-96B7F379BC29}.Debug|Any CPU.ActiveCfg = Debug|Any CPU
		{F5D12D7A-62ED-4772-9DBF-96B7F379BC29}.Debug|Any CPU.Build.0 = Debug|Any CPU
		{F5D12D7A-62ED-4772-9DBF-96B7F379BC29}.Release|Any CPU.ActiveCfg = Release|Any CPU
		{F5D12D7A-62ED-4772-9DBF-96B7F379BC29}.Release|Any CPU.Build.0 = Release|Any CPU
		{6F793A82-7682-42EB-8F7E-DB29B0639E7A}.Debug|Any CPU.ActiveCfg = Debug|Any CPU
		{6F793A82-7682-42EB-8F7E-DB29B0639E7A}.Debug|Any CPU.Build.0 = Debug|Any CPU
		{6F793A82-7682-42EB-8F7E-DB29B0639E7A}.Release|Any CPU.ActiveCfg = Release|Any CPU
		{6F793A82-7682-42EB-8F7E-DB29B0639E7A}.Release|Any CPU.Build.0 = Release|Any CPU
	EndGlobalSection
	GlobalSection(SolutionProperties) = preSolution
		HideSolutionNode = FALSE
	EndGlobalSection
	GlobalSection(ExtensibilityGlobals) = postSolution
		SolutionGuid = {16DB2758-59AA-4BBC-8AB4-89C5308456FE}
	EndGlobalSection
EndGlobal
